// !$*UTF8*$!
{
	archiveVersion = 1;
	classes = {
	};
	objectVersion = 50;
	objects = {

/* Begin PBXBuildFile section */
		BCE480CAEDF2B9B432D59F9C /* AppDelegate.swift in Sources */ = {isa = PBXBuildFile; fileRef = BCE48E995CEE54E916D6482E /* AppDelegate.swift */; };
		BCE48243B6EBE43479D4C423 /* SceneDelegate.swift in Sources */ = {isa = PBXBuildFile; fileRef = BCE482754DBD27FC1A550BF8 /* SceneDelegate.swift */; };
		BCE48254272107BC47F8DC59 /* LaunchScreen.storyboard in Resources */ = {isa = PBXBuildFile; fileRef = BCE4850DD505BD9B53A1AC64 /* LaunchScreen.storyboard */; };
		BCE482AE715E7D18BB55EE9E /* ContentView.swift in Sources */ = {isa = PBXBuildFile; fileRef = BCE48F91F56C981AAF8D4C93 /* ContentView.swift */; };
		BCE48B8A56C823D97E1D653C /* Assets.xcassets in Resources */ = {isa = PBXBuildFile; fileRef = BCE48FC87EAB3B58BE817981 /* Assets.xcassets */; };
		FBEEA20325778AF30071FBA8 /* Preview Assets.xcassets in Resources */ = {isa = PBXBuildFile; fileRef = FBEEA20225778AF30071FBA8 /* Preview Assets.xcassets */; };
		FBEEA21125778AF30071FBA8 /* SimpsonsSwiftUIDemoTests.swift in Sources */ = {isa = PBXBuildFile; fileRef = FBEEA21025778AF30071FBA8 /* SimpsonsSwiftUIDemoTests.swift */; };
/* End PBXBuildFile section */

/* Begin PBXContainerItemProxy section */
		FBEEA20D25778AF30071FBA8 /* PBXContainerItemProxy */ = {
			isa = PBXContainerItemProxy;
			containerPortal = FBEEA1EE25778AF00071FBA8 /* Project object */;
			proxyType = 1;
			remoteGlobalIDString = FBEEA1F525778AF00071FBA8;
			remoteInfo = SimpsonsSwiftUIDemo;
		};
/* End PBXContainerItemProxy section */

/* Begin PBXFileReference section */
		BCE482754DBD27FC1A550BF8 /* SceneDelegate.swift */ = {isa = PBXFileReference; fileEncoding = 4; lastKnownFileType = sourcecode.swift; path = SceneDelegate.swift; sourceTree = "<group>"; };
		BCE4850DD505BD9B53A1AC64 /* LaunchScreen.storyboard */ = {isa = PBXFileReference; lastKnownFileType = file.storyboard; path = LaunchScreen.storyboard; sourceTree = "<group>"; };
		BCE487D551346E8CEF7813FF /* Info.plist */ = {isa = PBXFileReference; fileEncoding = 4; lastKnownFileType = text.plist.info; path = Info.plist; sourceTree = "<group>"; };
		BCE48E995CEE54E916D6482E /* AppDelegate.swift */ = {isa = PBXFileReference; fileEncoding = 4; lastKnownFileType = sourcecode.swift; path = AppDelegate.swift; sourceTree = "<group>"; };
		BCE48F91F56C981AAF8D4C93 /* ContentView.swift */ = {isa = PBXFileReference; fileEncoding = 4; lastKnownFileType = sourcecode.swift; path = ContentView.swift; sourceTree = "<group>"; };
		BCE48FC87EAB3B58BE817981 /* Assets.xcassets */ = {isa = PBXFileReference; lastKnownFileType = folder.assetcatalog; path = Assets.xcassets; sourceTree = "<group>"; };
		FBEEA1F625778AF00071FBA8 /* SimpsonsSwiftUIDemo.app */ = {isa = PBXFileReference; explicitFileType = wrapper.application; includeInIndex = 0; path = SimpsonsSwiftUIDemo.app; sourceTree = BUILT_PRODUCTS_DIR; };
		FBEEA20225778AF30071FBA8 /* Preview Assets.xcassets */ = {isa = PBXFileReference; lastKnownFileType = folder.assetcatalog; path = "Preview Assets.xcassets"; sourceTree = "<group>"; };
		FBEEA20C25778AF30071FBA8 /* SimpsonsSwiftUIDemoTests.xctest */ = {isa = PBXFileReference; explicitFileType = wrapper.cfbundle; includeInIndex = 0; path = SimpsonsSwiftUIDemoTests.xctest; sourceTree = BUILT_PRODUCTS_DIR; };
		FBEEA21025778AF30071FBA8 /* SimpsonsSwiftUIDemoTests.swift */ = {isa = PBXFileReference; lastKnownFileType = sourcecode.swift; path = SimpsonsSwiftUIDemoTests.swift; sourceTree = "<group>"; };
		FBEEA21225778AF30071FBA8 /* Info.plist */ = {isa = PBXFileReference; lastKnownFileType = text.plist.xml; path = Info.plist; sourceTree = "<group>"; };
/* End PBXFileReference section */

/* Begin PBXFrameworksBuildPhase section */
		FBEEA1F325778AF00071FBA8 /* Frameworks */ = {
			isa = PBXFrameworksBuildPhase;
			buildActionMask = 2147483647;
			files = (
			);
			runOnlyForDeploymentPostprocessing = 0;
		};
		FBEEA20925778AF30071FBA8 /* Frameworks */ = {
			isa = PBXFrameworksBuildPhase;
			buildActionMask = 2147483647;
			files = (
			);
			runOnlyForDeploymentPostprocessing = 0;
		};
/* End PBXFrameworksBuildPhase section */

/* Begin PBXGroup section */
		BCE482E27103B8D528B1BDF0 /* SystemDelegates */ = {
			isa = PBXGroup;
			children = (
				BCE48E995CEE54E916D6482E /* AppDelegate.swift */,
				BCE482754DBD27FC1A550BF8 /* SceneDelegate.swift */,
			);
			path = SystemDelegates;
			sourceTree = "<group>";
		};
		BCE483072607101C771ED74E /* Detail */ = {
			isa = PBXGroup;
			children = (
			);
			path = Detail;
			sourceTree = "<group>";
		};
		BCE485C822F2B146977CDCAA /* Resources */ = {
			isa = PBXGroup;
			children = (
				BCE48FC87EAB3B58BE817981 /* Assets.xcassets */,
				BCE4850DD505BD9B53A1AC64 /* LaunchScreen.storyboard */,
				BCE487D551346E8CEF7813FF /* Info.plist */,
			);
			path = Resources;
			sourceTree = "<group>";
		};
		BCE488D368FE0F1017BD4E11 /* Classes */ = {
			isa = PBXGroup;
			children = (
				BCE48FA7D100D09BAD795AE6 /* Collection */,
				BCE483072607101C771ED74E /* Detail */,
				BCE482E27103B8D528B1BDF0 /* SystemDelegates */,
			);
			path = Classes;
			sourceTree = "<group>";
		};
		BCE48FA7D100D09BAD795AE6 /* Collection */ = {
			isa = PBXGroup;
			children = (
				BCE48F91F56C981AAF8D4C93 /* ContentView.swift */,
			);
			path = Collection;
			sourceTree = "<group>";
		};
		FBEEA1ED25778AF00071FBA8 = {
			isa = PBXGroup;
			children = (
				FBEEA1F825778AF00071FBA8 /* SimpsonsSwiftUIDemo */,
				FBEEA20F25778AF30071FBA8 /* SimpsonsSwiftUIDemoTests */,
				FBEEA1F725778AF00071FBA8 /* Products */,
			);
			sourceTree = "<group>";
		};
		FBEEA1F725778AF00071FBA8 /* Products */ = {
			isa = PBXGroup;
			children = (
				FBEEA1F625778AF00071FBA8 /* SimpsonsSwiftUIDemo.app */,
				FBEEA20C25778AF30071FBA8 /* SimpsonsSwiftUIDemoTests.xctest */,
			);
			name = Products;
			sourceTree = "<group>";
		};
		FBEEA1F825778AF00071FBA8 /* SimpsonsSwiftUIDemo */ = {
			isa = PBXGroup;
			children = (
				FBEEA20125778AF30071FBA8 /* Preview Content */,
				BCE488D368FE0F1017BD4E11 /* Classes */,
				BCE485C822F2B146977CDCAA /* Resources */,
			);
			path = SimpsonsSwiftUIDemo;
			sourceTree = "<group>";
		};
		FBEEA20125778AF30071FBA8 /* Preview Content */ = {
			isa = PBXGroup;
			children = (
				FBEEA20225778AF30071FBA8 /* Preview Assets.xcassets */,
			);
			path = "Preview Content";
			sourceTree = "<group>";
		};
		FBEEA20F25778AF30071FBA8 /* SimpsonsSwiftUIDemoTests */ = {
			isa = PBXGroup;
			children = (
				FBEEA21025778AF30071FBA8 /* SimpsonsSwiftUIDemoTests.swift */,
				FBEEA21225778AF30071FBA8 /* Info.plist */,
			);
			path = SimpsonsSwiftUIDemoTests;
			sourceTree = "<group>";
		};
/* End PBXGroup section */

/* Begin PBXNativeTarget section */
		FBEEA1F525778AF00071FBA8 /* SimpsonsSwiftUIDemo */ = {
			isa = PBXNativeTarget;
			buildConfigurationList = FBEEA21525778AF30071FBA8 /* Build configuration list for PBXNativeTarget "SimpsonsSwiftUIDemo" */;
			buildPhases = (
				FBEEA1F225778AF00071FBA8 /* Sources */,
				FBEEA1F325778AF00071FBA8 /* Frameworks */,
				FBEEA1F425778AF00071FBA8 /* Resources */,
			);
			buildRules = (
			);
			dependencies = (
			);
			name = SimpsonsSwiftUIDemo;
			productName = SimpsonsSwiftUIDemo;
			productReference = FBEEA1F625778AF00071FBA8 /* SimpsonsSwiftUIDemo.app */;
			productType = "com.apple.product-type.application";
		};
		FBEEA20B25778AF30071FBA8 /* SimpsonsSwiftUIDemoTests */ = {
			isa = PBXNativeTarget;
			buildConfigurationList = FBEEA21825778AF30071FBA8 /* Build configuration list for PBXNativeTarget "SimpsonsSwiftUIDemoTests" */;
			buildPhases = (
				FBEEA20825778AF30071FBA8 /* Sources */,
				FBEEA20925778AF30071FBA8 /* Frameworks */,
				FBEEA20A25778AF30071FBA8 /* Resources */,
			);
			buildRules = (
			);
			dependencies = (
				FBEEA20E25778AF30071FBA8 /* PBXTargetDependency */,
			);
			name = SimpsonsSwiftUIDemoTests;
			productName = SimpsonsSwiftUIDemoTests;
			productReference = FBEEA20C25778AF30071FBA8 /* SimpsonsSwiftUIDemoTests.xctest */;
			productType = "com.apple.product-type.bundle.unit-test";
		};
/* End PBXNativeTarget section */

/* Begin PBXProject section */
		FBEEA1EE25778AF00071FBA8 /* Project object */ = {
			isa = PBXProject;
			attributes = {
				LastSwiftUpdateCheck = 1160;
				LastUpgradeCheck = 1160;
				ORGANIZATIONNAME = kojiba;
				TargetAttributes = {
					FBEEA1F525778AF00071FBA8 = {
						CreatedOnToolsVersion = 11.6;
					};
					FBEEA20B25778AF30071FBA8 = {
						CreatedOnToolsVersion = 11.6;
						TestTargetID = FBEEA1F525778AF00071FBA8;
					};
				};
			};
			buildConfigurationList = FBEEA1F125778AF00071FBA8 /* Build configuration list for PBXProject "SimpsonsSwiftUIDemo" */;
			compatibilityVersion = "Xcode 9.3";
			developmentRegion = en;
			hasScannedForEncodings = 0;
			knownRegions = (
				en,
				Base,
			);
			mainGroup = FBEEA1ED25778AF00071FBA8;
			productRefGroup = FBEEA1F725778AF00071FBA8 /* Products */;
			projectDirPath = "";
			projectRoot = "";
			targets = (
				FBEEA1F525778AF00071FBA8 /* SimpsonsSwiftUIDemo */,
				FBEEA20B25778AF30071FBA8 /* SimpsonsSwiftUIDemoTests */,
			);
		};
/* End PBXProject section */

/* Begin PBXResourcesBuildPhase section */
		FBEEA1F425778AF00071FBA8 /* Resources */ = {
			isa = PBXResourcesBuildPhase;
			buildActionMask = 2147483647;
			files = (
				FBEEA20325778AF30071FBA8 /* Preview Assets.xcassets in Resources */,
				BCE48B8A56C823D97E1D653C /* Assets.xcassets in Resources */,
				BCE48254272107BC47F8DC59 /* LaunchScreen.storyboard in Resources */,
			);
			runOnlyForDeploymentPostprocessing = 0;
		};
		FBEEA20A25778AF30071FBA8 /* Resources */ = {
			isa = PBXResourcesBuildPhase;
			buildActionMask = 2147483647;
			files = (
			);
			runOnlyForDeploymentPostprocessing = 0;
		};
/* End PBXResourcesBuildPhase section */

/* Begin PBXSourcesBuildPhase section */
		FBEEA1F225778AF00071FBA8 /* Sources */ = {
			isa = PBXSourcesBuildPhase;
			buildActionMask = 2147483647;
			files = (
				BCE480CAEDF2B9B432D59F9C /* AppDelegate.swift in Sources */,
				BCE48243B6EBE43479D4C423 /* SceneDelegate.swift in Sources */,
				BCE482AE715E7D18BB55EE9E /* ContentView.swift in Sources */,
			);
			runOnlyForDeploymentPostprocessing = 0;
		};
		FBEEA20825778AF30071FBA8 /* Sources */ = {
			isa = PBXSourcesBuildPhase;
			buildActionMask = 2147483647;
			files = (
				FBEEA21125778AF30071FBA8 /* SimpsonsSwiftUIDemoTests.swift in Sources */,
			);
			runOnlyForDeploymentPostprocessing = 0;
		};
/* End PBXSourcesBuildPhase section */

/* Begin PBXTargetDependency section */
		FBEEA20E25778AF30071FBA8 /* PBXTargetDependency */ = {
			isa = PBXTargetDependency;
			target = FBEEA1F525778AF00071FBA8 /* SimpsonsSwiftUIDemo */;
			targetProxy = FBEEA20D25778AF30071FBA8 /* PBXContainerItemProxy */;
		};
/* End PBXTargetDependency section */

/* Begin XCBuildConfiguration section */
		FBEEA21325778AF30071FBA8 /* Debug */ = {
			isa = XCBuildConfiguration;
			buildSettings = {
				ALWAYS_SEARCH_USER_PATHS = NO;
				CLANG_ANALYZER_NONNULL = YES;
				CLANG_ANALYZER_NUMBER_OBJECT_CONVERSION = YES_AGGRESSIVE;
				CLANG_CXX_LANGUAGE_STANDARD = "gnu++14";
				CLANG_CXX_LIBRARY = "libc++";
				CLANG_ENABLE_MODULES = YES;
				CLANG_ENABLE_OBJC_ARC = YES;
				CLANG_ENABLE_OBJC_WEAK = YES;
				CLANG_WARN_BLOCK_CAPTURE_AUTORELEASING = YES;
				CLANG_WARN_BOOL_CONVERSION = YES;
				CLANG_WARN_COMMA = YES;
				CLANG_WARN_CONSTANT_CONVERSION = YES;
				CLANG_WARN_DEPRECATED_OBJC_IMPLEMENTATIONS = YES;
				CLANG_WARN_DIRECT_OBJC_ISA_USAGE = YES_ERROR;
				CLANG_WARN_DOCUMENTATION_COMMENTS = YES;
				CLANG_WARN_EMPTY_BODY = YES;
				CLANG_WARN_ENUM_CONVERSION = YES;
				CLANG_WARN_INFINITE_RECURSION = YES;
				CLANG_WARN_INT_CONVERSION = YES;
				CLANG_WARN_NON_LITERAL_NULL_CONVERSION = YES;
				CLANG_WARN_OBJC_IMPLICIT_RETAIN_SELF = YES;
				CLANG_WARN_OBJC_LITERAL_CONVERSION = YES;
				CLANG_WARN_OBJC_ROOT_CLASS = YES_ERROR;
				CLANG_WARN_RANGE_LOOP_ANALYSIS = YES;
				CLANG_WARN_STRICT_PROTOTYPES = YES;
				CLANG_WARN_SUSPICIOUS_MOVE = YES;
				CLANG_WARN_UNGUARDED_AVAILABILITY = YES_AGGRESSIVE;
				CLANG_WARN_UNREACHABLE_CODE = YES;
				CLANG_WARN__DUPLICATE_METHOD_MATCH = YES;
				COPY_PHASE_STRIP = NO;
				DEBUG_INFORMATION_FORMAT = dwarf;
				ENABLE_STRICT_OBJC_MSGSEND = YES;
				ENABLE_TESTABILITY = YES;
				GCC_C_LANGUAGE_STANDARD = gnu11;
				GCC_DYNAMIC_NO_PIC = NO;
				GCC_NO_COMMON_BLOCKS = YES;
				GCC_OPTIMIZATION_LEVEL = 0;
				GCC_PREPROCESSOR_DEFINITIONS = (
					"DEBUG=1",
					"$(inherited)",
				);
				GCC_WARN_64_TO_32_BIT_CONVERSION = YES;
				GCC_WARN_ABOUT_RETURN_TYPE = YES_ERROR;
				GCC_WARN_UNDECLARED_SELECTOR = YES;
				GCC_WARN_UNINITIALIZED_AUTOS = YES_AGGRESSIVE;
				GCC_WARN_UNUSED_FUNCTION = YES;
				GCC_WARN_UNUSED_VARIABLE = YES;
				IPHONEOS_DEPLOYMENT_TARGET = 13.6;
				MTL_ENABLE_DEBUG_INFO = INCLUDE_SOURCE;
				MTL_FAST_MATH = YES;
				ONLY_ACTIVE_ARCH = YES;
				SDKROOT = iphoneos;
				SWIFT_ACTIVE_COMPILATION_CONDITIONS = DEBUG;
				SWIFT_OPTIMIZATION_LEVEL = "-Onone";
			};
			name = Debug;
		};
		FBEEA21425778AF30071FBA8 /* Release */ = {
			isa = XCBuildConfiguration;
			buildSettings = {
				ALWAYS_SEARCH_USER_PATHS = NO;
				CLANG_ANALYZER_NONNULL = YES;
				CLANG_ANALYZER_NUMBER_OBJECT_CONVERSION = YES_AGGRESSIVE;
				CLANG_CXX_LANGUAGE_STANDARD = "gnu++14";
				CLANG_CXX_LIBRARY = "libc++";
				CLANG_ENABLE_MODULES = YES;
				CLANG_ENABLE_OBJC_ARC = YES;
				CLANG_ENABLE_OBJC_WEAK = YES;
				CLANG_WARN_BLOCK_CAPTURE_AUTORELEASING = YES;
				CLANG_WARN_BOOL_CONVERSION = YES;
				CLANG_WARN_COMMA = YES;
				CLANG_WARN_CONSTANT_CONVERSION = YES;
				CLANG_WARN_DEPRECATED_OBJC_IMPLEMENTATIONS = YES;
				CLANG_WARN_DIRECT_OBJC_ISA_USAGE = YES_ERROR;
				CLANG_WARN_DOCUMENTATION_COMMENTS = YES;
				CLANG_WARN_EMPTY_BODY = YES;
				CLANG_WARN_ENUM_CONVERSION = YES;
				CLANG_WARN_INFINITE_RECURSION = YES;
				CLANG_WARN_INT_CONVERSION = YES;
				CLANG_WARN_NON_LITERAL_NULL_CONVERSION = YES;
				CLANG_WARN_OBJC_IMPLICIT_RETAIN_SELF = YES;
				CLANG_WARN_OBJC_LITERAL_CONVERSION = YES;
				CLANG_WARN_OBJC_ROOT_CLASS = YES_ERROR;
				CLANG_WARN_RANGE_LOOP_ANALYSIS = YES;
				CLANG_WARN_STRICT_PROTOTYPES = YES;
				CLANG_WARN_SUSPICIOUS_MOVE = YES;
				CLANG_WARN_UNGUARDED_AVAILABILITY = YES_AGGRESSIVE;
				CLANG_WARN_UNREACHABLE_CODE = YES;
				CLANG_WARN__DUPLICATE_METHOD_MATCH = YES;
				COPY_PHASE_STRIP = NO;
				DEBUG_INFORMATION_FORMAT = "dwarf-with-dsym";
				ENABLE_NS_ASSERTIONS = NO;
				ENABLE_STRICT_OBJC_MSGSEND = YES;
				GCC_C_LANGUAGE_STANDARD = gnu11;
				GCC_NO_COMMON_BLOCKS = YES;
				GCC_WARN_64_TO_32_BIT_CONVERSION = YES;
				GCC_WARN_ABOUT_RETURN_TYPE = YES_ERROR;
				GCC_WARN_UNDECLARED_SELECTOR = YES;
				GCC_WARN_UNINITIALIZED_AUTOS = YES_AGGRESSIVE;
				GCC_WARN_UNUSED_FUNCTION = YES;
				GCC_WARN_UNUSED_VARIABLE = YES;
				IPHONEOS_DEPLOYMENT_TARGET = 13.6;
				MTL_ENABLE_DEBUG_INFO = NO;
				MTL_FAST_MATH = YES;
				SDKROOT = iphoneos;
				SWIFT_COMPILATION_MODE = wholemodule;
				SWIFT_OPTIMIZATION_LEVEL = "-O";
				VALIDATE_PRODUCT = YES;
			};
			name = Release;
		};
		FBEEA21625778AF30071FBA8 /* Debug */ = {
			isa = XCBuildConfiguration;
			buildSettings = {
				ASSETCATALOG_COMPILER_APPICON_NAME = AppIcon;
				CODE_SIGN_STYLE = Automatic;
				DEVELOPMENT_ASSET_PATHS = "\"SimpsonsSwiftUIDemo/Preview Content\"";
				DEVELOPMENT_TEAM = D723WN4M5D;
				ENABLE_PREVIEWS = YES;
				INFOPLIST_FILE = "$(SRCROOT)/SimpsonsSwiftUIDemo/Resources/Info.plist";
				LD_RUNPATH_SEARCH_PATHS = (
					"$(inherited)",
					"@executable_path/Frameworks",
				);
				PRODUCT_BUNDLE_IDENTIFIER = com.kojiba.SimpsonsSwiftUIDemo;
				PRODUCT_NAME = "$(TARGET_NAME)";
				SWIFT_VERSION = 5.0;
				TARGETED_DEVICE_FAMILY = "1,2";
			};
			name = Debug;
		};
		FBEEA21725778AF30071FBA8 /* Release */ = {
			isa = XCBuildConfiguration;
			buildSettings = {
				ASSETCATALOG_COMPILER_APPICON_NAME = AppIcon;
				CODE_SIGN_STYLE = Automatic;
				DEVELOPMENT_ASSET_PATHS = "\"SimpsonsSwiftUIDemo/Preview Content\"";
				DEVELOPMENT_TEAM = D723WN4M5D;
				ENABLE_PREVIEWS = YES;
				INFOPLIST_FILE = "$(SRCROOT)/SimpsonsSwiftUIDemo/Resources/Info.plist";
				LD_RUNPATH_SEARCH_PATHS = (
					"$(inherited)",
					"@executable_path/Frameworks",
				);
				PRODUCT_BUNDLE_IDENTIFIER = com.kojiba.SimpsonsSwiftUIDemo;
				PRODUCT_NAME = "$(TARGET_NAME)";
				SWIFT_VERSION = 5.0;
				TARGETED_DEVICE_FAMILY = "1,2";
			};
			name = Release;
		};
		FBEEA21925778AF30071FBA8 /* Debug */ = {
			isa = XCBuildConfiguration;
			buildSettings = {
				ALWAYS_EMBED_SWIFT_STANDARD_LIBRARIES = YES;
				BUNDLE_LOADER = "$(TEST_HOST)";
				CODE_SIGN_STYLE = Automatic;
				DEVELOPMENT_TEAM = D723WN4M5D;
				INFOPLIST_FILE = SimpsonsSwiftUIDemoTests/Info.plist;
				IPHONEOS_DEPLOYMENT_TARGET = 13.6;
				LD_RUNPATH_SEARCH_PATHS = (
					"$(inherited)",
					"@executable_path/Frameworks",
					"@loader_path/Frameworks",
				);
				PRODUCT_BUNDLE_IDENTIFIER = com.kojiba.SimpsonsSwiftUIDemoTests;
				PRODUCT_NAME = "$(TARGET_NAME)";
				SWIFT_VERSION = 5.0;
				TARGETED_DEVICE_FAMILY = "1,2";
				TEST_HOST = "$(BUILT_PRODUCTS_DIR)/SimpsonsSwiftUIDemo.app/SimpsonsSwiftUIDemo";
			};
			name = Debug;
		};
		FBEEA21A25778AF30071FBA8 /* Release */ = {
			isa = XCBuildConfiguration;
			buildSettings = {
				ALWAYS_EMBED_SWIFT_STANDARD_LIBRARIES = YES;
				BUNDLE_LOADER = "$(TEST_HOST)";
				CODE_SIGN_STYLE = Automatic;
				DEVELOPMENT_TEAM = D723WN4M5D;
				INFOPLIST_FILE = SimpsonsSwiftUIDemoTests/Info.plist;
				IPHONEOS_DEPLOYMENT_TARGET = 13.6;
				LD_RUNPATH_SEARCH_PATHS = (
					"$(inherited)",
					"@executable_path/Frameworks",
					"@loader_path/Frameworks",
				);
				PRODUCT_BUNDLE_IDENTIFIER = com.kojiba.SimpsonsSwiftUIDemoTests;
				PRODUCT_NAME = "$(TARGET_NAME)";
				SWIFT_VERSION = 5.0;
				TARGETED_DEVICE_FAMILY = "1,2";
				TEST_HOST = "$(BUILT_PRODUCTS_DIR)/SimpsonsSwiftUIDemo.app/SimpsonsSwiftUIDemo";
			};
			name = Release;
		};
/* End XCBuildConfiguration section */

/* Begin XCConfigurationList section */
		FBEEA1F125778AF00071FBA8 /* Build configuration list for PBXProject "SimpsonsSwiftUIDemo" */ = {
			isa = XCConfigurationList;
			buildConfigurations = (
				FBEEA21325778AF30071FBA8 /* Debug */,
				FBEEA21425778AF30071FBA8 /* Release */,
			);
			defaultConfigurationIsVisible = 0;
			defaultConfigurationName = Release;
		};
		FBEEA21525778AF30071FBA8 /* Build configuration list for PBXNativeTarget "SimpsonsSwiftUIDemo" */ = {
			isa = XCConfigurationList;
			buildConfigurations = (
				FBEEA21625778AF30071FBA8 /* Debug */,
				FBEEA21725778AF30071FBA8 /* Release */,
			);
			defaultConfigurationIsVisible = 0;
			defaultConfigurationName = Release;
		};
		FBEEA21825778AF30071FBA8 /* Build configuration list for PBXNativeTarget "SimpsonsSwiftUIDemoTests" */ = {
			isa = XCConfigurationList;
			buildConfigurations = (
				FBEEA21925778AF30071FBA8 /* Debug */,
				FBEEA21A25778AF30071FBA8 /* Release */,
			);
			defaultConfigurationIsVisible = 0;
			defaultConfigurationName = Release;
		};
/* End XCConfigurationList section */
	};
	rootObject = FBEEA1EE25778AF00071FBA8 /* Project object */;
}
